
Microsoft Visual Studio Solution File, Format Version 12.00
# Visual Studio Version 17
VisualStudioVersion = 17.2.32616.157
MinimumVisualStudioVersion = 10.0.40219.1
Project("{FAE04EC0-301F-11D3-BF4B-00C04F79EFBC}") = "assignment 2", "assignment 2\assignment 2.csproj", "{D5EDB506-4CA1-4DBB-B7E4-3142FC0BF5B2}"
EndProject
Global
	GlobalSection(SolutionConfigurationPlatforms) = preSolution
		Debug|Any CPU = Debug|Any CPU
		Release|Any CPU = Release|Any CPU
	EndGlobalSection
	GlobalSection(ProjectConfigurationPlatforms) = postSolution
		{D5EDB506-4CA1-4DBB-B7E4-3142FC0BF5B2}.Debug|Any CPU.ActiveCfg = Debug|Any CPU
		{D5EDB506-4CA1-4DBB-B7E4-3142FC0BF5B2}.Debug|Any CPU.Build.0 = Debug|Any CPU
		{D5EDB506-4CA1-4DBB-B7E4-3142FC0BF5B2}.Release|Any CPU.ActiveCfg = Release|Any CPU
		{D5EDB506-4CA1-4DBB-B7E4-3142FC0BF5B2}.Release|Any CPU.Build.0 = Release|Any CPU
	EndGlobalSection
	GlobalSection(SolutionProperties) = preSolution
		HideSolutionNode = FALSE
	EndGlobalSection
	GlobalSection(ExtensibilityGlobals) = postSolution
		SolutionGuid = {3B137CE2-3AB6-41DC-BE86-1D49EDC6DB62}
	EndGlobalSection
EndGlobal
