
Microsoft Visual Studio Solution File, Format Version 12.00
# Visual Studio Version 17
VisualStudioVersion = 17.2.32616.157
MinimumVisualStudioVersion = 10.0.40219.1
Project("{FAE04EC0-301F-11D3-BF4B-00C04F79EFBC}") = "main", "main\main.csproj", "{DB073AEE-3679-4FB4-8589-D6A024C16A70}"
EndProject
Global
	GlobalSection(SolutionConfigurationPlatforms) = preSolution
		Debug|Any CPU = Debug|Any CPU
		Release|Any CPU = Release|Any CPU
	EndGlobalSection
	GlobalSection(ProjectConfigurationPlatforms) = postSolution
		{DB073AEE-3679-4FB4-8589-D6A024C16A70}.Debug|Any CPU.ActiveCfg = Debug|Any CPU
		{DB073AEE-3679-4FB4-8589-D6A024C16A70}.Debug|Any CPU.Build.0 = Debug|Any CPU
		{DB073AEE-3679-4FB4-8589-D6A024C16A70}.Release|Any CPU.ActiveCfg = Release|Any CPU
		{DB073AEE-3679-4FB4-8589-D6A024C16A70}.Release|Any CPU.Build.0 = Release|Any CPU
	EndGlobalSection
	GlobalSection(SolutionProperties) = preSolution
		HideSolutionNode = FALSE
	EndGlobalSection
	GlobalSection(ExtensibilityGlobals) = postSolution
		SolutionGuid = {3CD855F1-A0B7-4230-9BE8-38834C5D6AB5}
	EndGlobalSection
EndGlobal
